// !$*UTF8*$!
{
	archiveVersion = 1;
	classes = {
	};
	objectVersion = 55;
	objects = {

/* Begin PBXBuildFile section */
		CB0719D629B6309200D59372 /* ImageDownloadService.swift in Sources */ = {isa = PBXBuildFile; fileRef = CB0719D529B6309200D59372 /* ImageDownloadService.swift */; };
		CB0F6BEA29E5466E0070DCFA /* NetworkRequestsTest.swift in Sources */ = {isa = PBXBuildFile; fileRef = CB0F6BE929E5466E0070DCFA /* NetworkRequestsTest.swift */; };
		CB37C87F29B0A86A003F1281 /* AppDelegate.swift in Sources */ = {isa = PBXBuildFile; fileRef = CB37C87E29B0A86A003F1281 /* AppDelegate.swift */; };
		CB37C88129B0A86A003F1281 /* SceneDelegate.swift in Sources */ = {isa = PBXBuildFile; fileRef = CB37C88029B0A86A003F1281 /* SceneDelegate.swift */; };
		CB37C88329B0A86A003F1281 /* ViewController.swift in Sources */ = {isa = PBXBuildFile; fileRef = CB37C88229B0A86A003F1281 /* ViewController.swift */; };
		CB37C88629B0A86A003F1281 /* Main.storyboard in Resources */ = {isa = PBXBuildFile; fileRef = CB37C88429B0A86A003F1281 /* Main.storyboard */; };
		CB37C88829B0A86C003F1281 /* Assets.xcassets in Resources */ = {isa = PBXBuildFile; fileRef = CB37C88729B0A86C003F1281 /* Assets.xcassets */; };
		CB37C88B29B0A86C003F1281 /* LaunchScreen.storyboard in Resources */ = {isa = PBXBuildFile; fileRef = CB37C88929B0A86C003F1281 /* LaunchScreen.storyboard */; };
		CB37C89629B0A86D003F1281 /*  APIConstantsTests.swift in Sources */ = {isa = PBXBuildFile; fileRef = CB37C89529B0A86D003F1281 /*  APIConstantsTests.swift */; };
		CB37C8A029B0A86D003F1281 /* MVVMSampleUITests.swift in Sources */ = {isa = PBXBuildFile; fileRef = CB37C89F29B0A86D003F1281 /* MVVMSampleUITests.swift */; };
		CB37C8A229B0A86D003F1281 /* MVVMSampleUITestsLaunchTests.swift in Sources */ = {isa = PBXBuildFile; fileRef = CB37C8A129B0A86D003F1281 /* MVVMSampleUITestsLaunchTests.swift */; };
		CB3FB4BF29B21CB40014A108 /* ApiConstants.swift in Sources */ = {isa = PBXBuildFile; fileRef = CB3FB4BE29B21CB40014A108 /* ApiConstants.swift */; };
		CB3FB4C129B21E170014A108 /* NetworkRequests.swift in Sources */ = {isa = PBXBuildFile; fileRef = CB3FB4C029B21E170014A108 /* NetworkRequests.swift */; };
		CB3FB4C329B21F900014A108 /* NetworkError.swift in Sources */ = {isa = PBXBuildFile; fileRef = CB3FB4C229B21F900014A108 /* NetworkError.swift */; };
		CB41758B29B871E50060B8A1 /* DetailMovieController.swift in Sources */ = {isa = PBXBuildFile; fileRef = CB41758A29B871E50060B8A1 /* DetailMovieController.swift */; };
		CB41758E29B875D20060B8A1 /* MovieDetailViewModel.swift in Sources */ = {isa = PBXBuildFile; fileRef = CB41758D29B875D20060B8A1 /* MovieDetailViewModel.swift */; };
		CB49327129C78AC500B0D664 /* SearchViewController.swift in Sources */ = {isa = PBXBuildFile; fileRef = CB49327029C78AC500B0D664 /* SearchViewController.swift */; };
		CB5E109B2A8CDA48007CC1EC /* MoviesAndMovieTests.swift in Sources */ = {isa = PBXBuildFile; fileRef = CB5E109A2A8CDA48007CC1EC /* MoviesAndMovieTests.swift */; };
		CB5E109D2A8CDAF4007CC1EC /* MoviesListTestData.json in Resources */ = {isa = PBXBuildFile; fileRef = CB5E109C2A8CDA9D007CC1EC /* MoviesListTestData.json */; };
		CB5E109E2A8CDAF6007CC1EC /* MoviesListTestData.json in Resources */ = {isa = PBXBuildFile; fileRef = CB5E109C2A8CDA9D007CC1EC /* MoviesListTestData.json */; };
		CB8FD38029B4AEE800FC6A26 /* Publisher+Util.swift in Sources */ = {isa = PBXBuildFile; fileRef = CB8FD37F29B4AEE800FC6A26 /* Publisher+Util.swift */; };
		CB8FD38229B4B60700FC6A26 /* MoviesViewModel.swift in Sources */ = {isa = PBXBuildFile; fileRef = CB8FD38129B4B60700FC6A26 /* MoviesViewModel.swift */; };
		CB8FD38429B4BA5900FC6A26 /* MovieUseCases.swift in Sources */ = {isa = PBXBuildFile; fileRef = CB8FD38329B4BA5900FC6A26 /* MovieUseCases.swift */; };
		CB97B8802A9611240080A5E9 /* NetworkServiceTests.swift in Sources */ = {isa = PBXBuildFile; fileRef = CB97B87F2A9611240080A5E9 /* NetworkServiceTests.swift */; };
		CB97B8822A961B110080A5E9 /* MovieViewModelTests.swift in Sources */ = {isa = PBXBuildFile; fileRef = CB97B8812A961B110080A5E9 /* MovieViewModelTests.swift */; };
		CBA3AC5229BA9AFF0090CCBA /* NetworkErrorTest.swift in Sources */ = {isa = PBXBuildFile; fileRef = CBA3AC5129BA9AFF0090CCBA /* NetworkErrorTest.swift */; };
		CBA6536529B0B3AC00F2B720 /* TableViewCell.swift in Sources */ = {isa = PBXBuildFile; fileRef = CBA6536429B0B3AC00F2B720 /* TableViewCell.swift */; };
		CBBAAAA629B235B900D2BB43 /* Resource+Requests.swift in Sources */ = {isa = PBXBuildFile; fileRef = CBBAAAA529B235B800D2BB43 /* Resource+Requests.swift */; };
		CBBAAAA829B235F200D2BB43 /* Movies+Model.swift in Sources */ = {isa = PBXBuildFile; fileRef = CBBAAAA729B235F200D2BB43 /* Movies+Model.swift */; };
		CBBAAAAA29B2364000D2BB43 /* RequestManager.swift in Sources */ = {isa = PBXBuildFile; fileRef = CBBAAAA929B2364000D2BB43 /* RequestManager.swift */; };
		CBBAAAAC29B2383800D2BB43 /* ServiceManager.swift in Sources */ = {isa = PBXBuildFile; fileRef = CBBAAAAB29B2383800D2BB43 /* ServiceManager.swift */; };
		CBBD34942A8DF8F4009A0FFD /* MovieUseCase+Tests.swift in Sources */ = {isa = PBXBuildFile; fileRef = CBBD34932A8DF8F4009A0FFD /* MovieUseCase+Tests.swift */; };
/* End PBXBuildFile section */

/* Begin PBXContainerItemProxy section */
		CB37C89229B0A86D003F1281 /* PBXContainerItemProxy */ = {
			isa = PBXContainerItemProxy;
			containerPortal = CB37C87329B0A86A003F1281 /* Project object */;
			proxyType = 1;
			remoteGlobalIDString = CB37C87A29B0A86A003F1281;
			remoteInfo = MVVMSample;
		};
		CB37C89C29B0A86D003F1281 /* PBXContainerItemProxy */ = {
			isa = PBXContainerItemProxy;
			containerPortal = CB37C87329B0A86A003F1281 /* Project object */;
			proxyType = 1;
			remoteGlobalIDString = CB37C87A29B0A86A003F1281;
			remoteInfo = MVVMSample;
		};
/* End PBXContainerItemProxy section */

/* Begin PBXFileReference section */
		CB0719D529B6309200D59372 /* ImageDownloadService.swift */ = {isa = PBXFileReference; lastKnownFileType = sourcecode.swift; path = ImageDownloadService.swift; sourceTree = "<group>"; };
		CB0F6BE929E5466E0070DCFA /* NetworkRequestsTest.swift */ = {isa = PBXFileReference; lastKnownFileType = sourcecode.swift; path = NetworkRequestsTest.swift; sourceTree = "<group>"; };
		CB37C87B29B0A86A003F1281 /* MVVMSample.app */ = {isa = PBXFileReference; explicitFileType = wrapper.application; includeInIndex = 0; path = MVVMSample.app; sourceTree = BUILT_PRODUCTS_DIR; };
		CB37C87E29B0A86A003F1281 /* AppDelegate.swift */ = {isa = PBXFileReference; lastKnownFileType = sourcecode.swift; path = AppDelegate.swift; sourceTree = "<group>"; };
		CB37C88029B0A86A003F1281 /* SceneDelegate.swift */ = {isa = PBXFileReference; lastKnownFileType = sourcecode.swift; path = SceneDelegate.swift; sourceTree = "<group>"; };
		CB37C88229B0A86A003F1281 /* ViewController.swift */ = {isa = PBXFileReference; lastKnownFileType = sourcecode.swift; path = ViewController.swift; sourceTree = "<group>"; };
		CB37C88529B0A86A003F1281 /* Base */ = {isa = PBXFileReference; lastKnownFileType = file.storyboard; name = Base; path = Base.lproj/Main.storyboard; sourceTree = "<group>"; };
		CB37C88729B0A86C003F1281 /* Assets.xcassets */ = {isa = PBXFileReference; lastKnownFileType = folder.assetcatalog; path = Assets.xcassets; sourceTree = "<group>"; };
		CB37C88A29B0A86C003F1281 /* Base */ = {isa = PBXFileReference; lastKnownFileType = file.storyboard; name = Base; path = Base.lproj/LaunchScreen.storyboard; sourceTree = "<group>"; };
		CB37C88C29B0A86C003F1281 /* Info.plist */ = {isa = PBXFileReference; lastKnownFileType = text.plist.xml; path = Info.plist; sourceTree = "<group>"; };
		CB37C89129B0A86D003F1281 /* MVVMSampleTests.xctest */ = {isa = PBXFileReference; explicitFileType = wrapper.cfbundle; includeInIndex = 0; path = MVVMSampleTests.xctest; sourceTree = BUILT_PRODUCTS_DIR; };
		CB37C89529B0A86D003F1281 /*  APIConstantsTests.swift */ = {isa = PBXFileReference; lastKnownFileType = sourcecode.swift; path = " APIConstantsTests.swift"; sourceTree = "<group>"; };
		CB37C89B29B0A86D003F1281 /* MVVMSampleUITests.xctest */ = {isa = PBXFileReference; explicitFileType = wrapper.cfbundle; includeInIndex = 0; path = MVVMSampleUITests.xctest; sourceTree = BUILT_PRODUCTS_DIR; };
		CB37C89F29B0A86D003F1281 /* MVVMSampleUITests.swift */ = {isa = PBXFileReference; lastKnownFileType = sourcecode.swift; path = MVVMSampleUITests.swift; sourceTree = "<group>"; };
		CB37C8A129B0A86D003F1281 /* MVVMSampleUITestsLaunchTests.swift */ = {isa = PBXFileReference; lastKnownFileType = sourcecode.swift; path = MVVMSampleUITestsLaunchTests.swift; sourceTree = "<group>"; };
		CB3FB4BE29B21CB40014A108 /* ApiConstants.swift */ = {isa = PBXFileReference; lastKnownFileType = sourcecode.swift; path = ApiConstants.swift; sourceTree = "<group>"; };
		CB3FB4C029B21E170014A108 /* NetworkRequests.swift */ = {isa = PBXFileReference; lastKnownFileType = sourcecode.swift; path = NetworkRequests.swift; sourceTree = "<group>"; };
		CB3FB4C229B21F900014A108 /* NetworkError.swift */ = {isa = PBXFileReference; lastKnownFileType = sourcecode.swift; path = NetworkError.swift; sourceTree = "<group>"; };
		CB41758A29B871E50060B8A1 /* DetailMovieController.swift */ = {isa = PBXFileReference; lastKnownFileType = sourcecode.swift; path = DetailMovieController.swift; sourceTree = "<group>"; };
		CB41758D29B875D20060B8A1 /* MovieDetailViewModel.swift */ = {isa = PBXFileReference; lastKnownFileType = sourcecode.swift; path = MovieDetailViewModel.swift; sourceTree = "<group>"; };
		CB49327029C78AC500B0D664 /* SearchViewController.swift */ = {isa = PBXFileReference; lastKnownFileType = sourcecode.swift; path = SearchViewController.swift; sourceTree = "<group>"; };
		CB5E109A2A8CDA48007CC1EC /* MoviesAndMovieTests.swift */ = {isa = PBXFileReference; lastKnownFileType = sourcecode.swift; path = MoviesAndMovieTests.swift; sourceTree = "<group>"; };
		CB5E109C2A8CDA9D007CC1EC /* MoviesListTestData.json */ = {isa = PBXFileReference; lastKnownFileType = text.json; path = MoviesListTestData.json; sourceTree = "<group>"; };
		CB8FD37F29B4AEE800FC6A26 /* Publisher+Util.swift */ = {isa = PBXFileReference; lastKnownFileType = sourcecode.swift; path = "Publisher+Util.swift"; sourceTree = "<group>"; };
		CB8FD38129B4B60700FC6A26 /* MoviesViewModel.swift */ = {isa = PBXFileReference; lastKnownFileType = sourcecode.swift; path = MoviesViewModel.swift; sourceTree = "<group>"; };
		CB8FD38329B4BA5900FC6A26 /* MovieUseCases.swift */ = {isa = PBXFileReference; lastKnownFileType = sourcecode.swift; path = MovieUseCases.swift; sourceTree = "<group>"; };
		CB97B87F2A9611240080A5E9 /* NetworkServiceTests.swift */ = {isa = PBXFileReference; lastKnownFileType = sourcecode.swift; path = NetworkServiceTests.swift; sourceTree = "<group>"; };
		CB97B8812A961B110080A5E9 /* MovieViewModelTests.swift */ = {isa = PBXFileReference; lastKnownFileType = sourcecode.swift; path = MovieViewModelTests.swift; sourceTree = "<group>"; };
		CBA3AC5129BA9AFF0090CCBA /* NetworkErrorTest.swift */ = {isa = PBXFileReference; lastKnownFileType = sourcecode.swift; path = NetworkErrorTest.swift; sourceTree = "<group>"; };
		CBA6536429B0B3AC00F2B720 /* TableViewCell.swift */ = {isa = PBXFileReference; lastKnownFileType = sourcecode.swift; path = TableViewCell.swift; sourceTree = "<group>"; };
		CBBAAAA529B235B800D2BB43 /* Resource+Requests.swift */ = {isa = PBXFileReference; lastKnownFileType = sourcecode.swift; path = "Resource+Requests.swift"; sourceTree = "<group>"; };
		CBBAAAA729B235F200D2BB43 /* Movies+Model.swift */ = {isa = PBXFileReference; lastKnownFileType = sourcecode.swift; path = "Movies+Model.swift"; sourceTree = "<group>"; };
		CBBAAAA929B2364000D2BB43 /* RequestManager.swift */ = {isa = PBXFileReference; lastKnownFileType = sourcecode.swift; path = RequestManager.swift; sourceTree = "<group>"; };
		CBBAAAAB29B2383800D2BB43 /* ServiceManager.swift */ = {isa = PBXFileReference; lastKnownFileType = sourcecode.swift; path = ServiceManager.swift; sourceTree = "<group>"; };
		CBBD34932A8DF8F4009A0FFD /* MovieUseCase+Tests.swift */ = {isa = PBXFileReference; lastKnownFileType = sourcecode.swift; path = "MovieUseCase+Tests.swift"; sourceTree = "<group>"; };
/* End PBXFileReference section */

/* Begin PBXFrameworksBuildPhase section */
		CB37C87829B0A86A003F1281 /* Frameworks */ = {
			isa = PBXFrameworksBuildPhase;
			buildActionMask = 2147483647;
			files = (
			);
			runOnlyForDeploymentPostprocessing = 0;
		};
		CB37C88E29B0A86D003F1281 /* Frameworks */ = {
			isa = PBXFrameworksBuildPhase;
			buildActionMask = 2147483647;
			files = (
			);
			runOnlyForDeploymentPostprocessing = 0;
		};
		CB37C89829B0A86D003F1281 /* Frameworks */ = {
			isa = PBXFrameworksBuildPhase;
			buildActionMask = 2147483647;
			files = (
			);
			runOnlyForDeploymentPostprocessing = 0;
		};
/* End PBXFrameworksBuildPhase section */

/* Begin PBXGroup section */
		CB0F6BE729E5459C0070DCFA /* New Group */ = {
			isa = PBXGroup;
			children = (
			);
			path = "New Group";
			sourceTree = "<group>";
		};
		CB0F6BE829E545A00070DCFA /* NetworkLayerTests */ = {
			isa = PBXGroup;
			children = (
				CB37C89529B0A86D003F1281 /*  APIConstantsTests.swift */,
				CBA3AC5129BA9AFF0090CCBA /* NetworkErrorTest.swift */,
				CB0F6BE929E5466E0070DCFA /* NetworkRequestsTest.swift */,
				CB97B87F2A9611240080A5E9 /* NetworkServiceTests.swift */,
			);
			path = NetworkLayerTests;
			sourceTree = "<group>";
		};
		CB37C87229B0A86A003F1281 = {
			isa = PBXGroup;
			children = (
				CB37C87D29B0A86A003F1281 /* MVVMSample */,
				CB37C89429B0A86D003F1281 /* MVVMSampleTests */,
				CB37C89E29B0A86D003F1281 /* MVVMSampleUITests */,
				CB37C87C29B0A86A003F1281 /* Products */,
			);
			sourceTree = "<group>";
		};
		CB37C87C29B0A86A003F1281 /* Products */ = {
			isa = PBXGroup;
			children = (
				CB37C87B29B0A86A003F1281 /* MVVMSample.app */,
				CB37C89129B0A86D003F1281 /* MVVMSampleTests.xctest */,
				CB37C89B29B0A86D003F1281 /* MVVMSampleUITests.xctest */,
			);
			name = Products;
			sourceTree = "<group>";
		};
		CB37C87D29B0A86A003F1281 /* MVVMSample */ = {
			isa = PBXGroup;
			children = (
				CB8FD37E29B4A7B200FC6A26 /* Common */,
				CB3FB4BD29B21CA20014A108 /* NetworkLayer */,
				CB37C8B029B0AB31003F1281 /* Views */,
				CB37C8AF29B0A881003F1281 /* ViewModel */,
				CB37C8AE29B0A878003F1281 /* ViewController */,
				CB37C87E29B0A86A003F1281 /* AppDelegate.swift */,
				CB37C88029B0A86A003F1281 /* SceneDelegate.swift */,
				CB37C88729B0A86C003F1281 /* Assets.xcassets */,
				CB37C88929B0A86C003F1281 /* LaunchScreen.storyboard */,
				CB37C88C29B0A86C003F1281 /* Info.plist */,
			);
			path = MVVMSample;
			sourceTree = "<group>";
		};
		CB37C89429B0A86D003F1281 /* MVVMSampleTests */ = {
			isa = PBXGroup;
			children = (
				CB5E10992A8CDA2F007CC1EC /* ModelTests */,
				CB5E10962A8CD90D007CC1EC /* ViewModels */,
				CB0F6BE829E545A00070DCFA /* NetworkLayerTests */,
				CB49326F29C78AA800B0D664 /* ViewTests */,
			);
			path = MVVMSampleTests;
			sourceTree = "<group>";
		};
		CB37C89E29B0A86D003F1281 /* MVVMSampleUITests */ = {
			isa = PBXGroup;
			children = (
				CB37C89F29B0A86D003F1281 /* MVVMSampleUITests.swift */,
				CB37C8A129B0A86D003F1281 /* MVVMSampleUITestsLaunchTests.swift */,
			);
			path = MVVMSampleUITests;
			sourceTree = "<group>";
		};
		CB37C8AE29B0A878003F1281 /* ViewController */ = {
			isa = PBXGroup;
			children = (
				CB37C88229B0A86A003F1281 /* ViewController.swift */,
			);
			path = ViewController;
			sourceTree = "<group>";
		};
		CB37C8AF29B0A881003F1281 /* ViewModel */ = {
			isa = PBXGroup;
			children = (
				CB41758C29B875B80060B8A1 /* New Group */,
				CBBAAAA729B235F200D2BB43 /* Movies+Model.swift */,
				CBBAAAA529B235B800D2BB43 /* Resource+Requests.swift */,
				CB8FD38129B4B60700FC6A26 /* MoviesViewModel.swift */,
				CB8FD38329B4BA5900FC6A26 /* MovieUseCases.swift */,
				CB41758D29B875D20060B8A1 /* MovieDetailViewModel.swift */,
			);
			path = ViewModel;
			sourceTree = "<group>";
		};
		CB37C8B029B0AB31003F1281 /* Views */ = {
			isa = PBXGroup;
			children = (
				CB8FD37F29B4AEE800FC6A26 /* Publisher+Util.swift */,
				CB37C88429B0A86A003F1281 /* Main.storyboard */,
				CBA6536429B0B3AC00F2B720 /* TableViewCell.swift */,
				CB41758A29B871E50060B8A1 /* DetailMovieController.swift */,
			);
			path = Views;
			sourceTree = "<group>";
		};
		CB3FB4BD29B21CA20014A108 /* NetworkLayer */ = {
			isa = PBXGroup;
			children = (
				CB3FB4C029B21E170014A108 /* NetworkRequests.swift */,
				CB3FB4C229B21F900014A108 /* NetworkError.swift */,
				CBBAAAA929B2364000D2BB43 /* RequestManager.swift */,
				CBBAAAAB29B2383800D2BB43 /* ServiceManager.swift */,
				CB0719D529B6309200D59372 /* ImageDownloadService.swift */,
			);
			path = NetworkLayer;
			sourceTree = "<group>";
		};
		CB41758C29B875B80060B8A1 /* New Group */ = {
			isa = PBXGroup;
			children = (
			);
			path = "New Group";
			sourceTree = "<group>";
		};
		CB49326F29C78AA800B0D664 /* ViewTests */ = {
			isa = PBXGroup;
			children = (
				CB0F6BE729E5459C0070DCFA /* New Group */,
				CB49327029C78AC500B0D664 /* SearchViewController.swift */,
			);
			path = ViewTests;
			sourceTree = "<group>";
		};
		CB5E10962A8CD90D007CC1EC /* ViewModels */ = {
			isa = PBXGroup;
			children = (
				CBBD34932A8DF8F4009A0FFD /* MovieUseCase+Tests.swift */,
				CB97B8812A961B110080A5E9 /* MovieViewModelTests.swift */,
			);
			path = ViewModels;
			sourceTree = "<group>";
		};
		CB5E10992A8CDA2F007CC1EC /* ModelTests */ = {
			isa = PBXGroup;
			children = (
				CB5E109A2A8CDA48007CC1EC /* MoviesAndMovieTests.swift */,
				CB5E109C2A8CDA9D007CC1EC /* MoviesListTestData.json */,
			);
			path = ModelTests;
			sourceTree = "<group>";
		};
		CB8FD37E29B4A7B200FC6A26 /* Common */ = {
			isa = PBXGroup;
			children = (
				CB3FB4BE29B21CB40014A108 /* ApiConstants.swift */,
			);
			name = Common;
			path = "/Users/ourangzaibkhan/MVVM-Sample/MVVMSample/MVVMSample/Common";
			sourceTree = "<absolute>";
		};
/* End PBXGroup section */

/* Begin PBXNativeTarget section */
		CB37C87A29B0A86A003F1281 /* MVVMSample */ = {
			isa = PBXNativeTarget;
			buildConfigurationList = CB37C8A529B0A86D003F1281 /* Build configuration list for PBXNativeTarget "MVVMSample" */;
			buildPhases = (
				CB37C87729B0A86A003F1281 /* Sources */,
				CB37C87829B0A86A003F1281 /* Frameworks */,
				CB37C87929B0A86A003F1281 /* Resources */,
			);
			buildRules = (
			);
			dependencies = (
			);
			name = MVVMSample;
			productName = MVVMSample;
			productReference = CB37C87B29B0A86A003F1281 /* MVVMSample.app */;
			productType = "com.apple.product-type.application";
		};
		CB37C89029B0A86D003F1281 /* MVVMSampleTests */ = {
			isa = PBXNativeTarget;
			buildConfigurationList = CB37C8A829B0A86D003F1281 /* Build configuration list for PBXNativeTarget "MVVMSampleTests" */;
			buildPhases = (
				CB37C88D29B0A86D003F1281 /* Sources */,
				CB37C88E29B0A86D003F1281 /* Frameworks */,
				CB37C88F29B0A86D003F1281 /* Resources */,
			);
			buildRules = (
			);
			dependencies = (
				CB37C89329B0A86D003F1281 /* PBXTargetDependency */,
			);
			name = MVVMSampleTests;
			productName = MVVMSampleTests;
			productReference = CB37C89129B0A86D003F1281 /* MVVMSampleTests.xctest */;
			productType = "com.apple.product-type.bundle.unit-test";
		};
		CB37C89A29B0A86D003F1281 /* MVVMSampleUITests */ = {
			isa = PBXNativeTarget;
			buildConfigurationList = CB37C8AB29B0A86D003F1281 /* Build configuration list for PBXNativeTarget "MVVMSampleUITests" */;
			buildPhases = (
				CB37C89729B0A86D003F1281 /* Sources */,
				CB37C89829B0A86D003F1281 /* Frameworks */,
				CB37C89929B0A86D003F1281 /* Resources */,
			);
			buildRules = (
			);
			dependencies = (
				CB37C89D29B0A86D003F1281 /* PBXTargetDependency */,
			);
			name = MVVMSampleUITests;
			productName = MVVMSampleUITests;
			productReference = CB37C89B29B0A86D003F1281 /* MVVMSampleUITests.xctest */;
			productType = "com.apple.product-type.bundle.ui-testing";
		};
/* End PBXNativeTarget section */

/* Begin PBXProject section */
		CB37C87329B0A86A003F1281 /* Project object */ = {
			isa = PBXProject;
			attributes = {
				BuildIndependentTargetsInParallel = 1;
				LastSwiftUpdateCheck = 1340;
				LastUpgradeCheck = 1340;
				TargetAttributes = {
					CB37C87A29B0A86A003F1281 = {
						CreatedOnToolsVersion = 13.4.1;
					};
					CB37C89029B0A86D003F1281 = {
						CreatedOnToolsVersion = 13.4.1;
						TestTargetID = CB37C87A29B0A86A003F1281;
					};
					CB37C89A29B0A86D003F1281 = {
						CreatedOnToolsVersion = 13.4.1;
						TestTargetID = CB37C87A29B0A86A003F1281;
					};
				};
			};
			buildConfigurationList = CB37C87629B0A86A003F1281 /* Build configuration list for PBXProject "MVVMSample" */;
			compatibilityVersion = "Xcode 13.0";
			developmentRegion = en;
			hasScannedForEncodings = 0;
			knownRegions = (
				en,
				Base,
			);
			mainGroup = CB37C87229B0A86A003F1281;
			productRefGroup = CB37C87C29B0A86A003F1281 /* Products */;
			projectDirPath = "";
			projectRoot = "";
			targets = (
				CB37C87A29B0A86A003F1281 /* MVVMSample */,
				CB37C89029B0A86D003F1281 /* MVVMSampleTests */,
				CB37C89A29B0A86D003F1281 /* MVVMSampleUITests */,
			);
		};
/* End PBXProject section */

/* Begin PBXResourcesBuildPhase section */
		CB37C87929B0A86A003F1281 /* Resources */ = {
			isa = PBXResourcesBuildPhase;
			buildActionMask = 2147483647;
			files = (
				CB5E109E2A8CDAF6007CC1EC /* MoviesListTestData.json in Resources */,
				CB37C88B29B0A86C003F1281 /* LaunchScreen.storyboard in Resources */,
				CB37C88829B0A86C003F1281 /* Assets.xcassets in Resources */,
				CB37C88629B0A86A003F1281 /* Main.storyboard in Resources */,
			);
			runOnlyForDeploymentPostprocessing = 0;
		};
		CB37C88F29B0A86D003F1281 /* Resources */ = {
			isa = PBXResourcesBuildPhase;
			buildActionMask = 2147483647;
			files = (
				CB5E109D2A8CDAF4007CC1EC /* MoviesListTestData.json in Resources */,
			);
			runOnlyForDeploymentPostprocessing = 0;
		};
		CB37C89929B0A86D003F1281 /* Resources */ = {
			isa = PBXResourcesBuildPhase;
			buildActionMask = 2147483647;
			files = (
			);
			runOnlyForDeploymentPostprocessing = 0;
		};
/* End PBXResourcesBuildPhase section */

/* Begin PBXSourcesBuildPhase section */
		CB37C87729B0A86A003F1281 /* Sources */ = {
			isa = PBXSourcesBuildPhase;
			buildActionMask = 2147483647;
			files = (
				CBBAAAAC29B2383800D2BB43 /* ServiceManager.swift in Sources */,
				CB37C88329B0A86A003F1281 /* ViewController.swift in Sources */,
				CBBAAAA629B235B900D2BB43 /* Resource+Requests.swift in Sources */,
				CB3FB4C329B21F900014A108 /* NetworkError.swift in Sources */,
				CBA6536529B0B3AC00F2B720 /* TableViewCell.swift in Sources */,
				CB3FB4C129B21E170014A108 /* NetworkRequests.swift in Sources */,
				CB8FD38029B4AEE800FC6A26 /* Publisher+Util.swift in Sources */,
				CB41758E29B875D20060B8A1 /* MovieDetailViewModel.swift in Sources */,
				CB0719D629B6309200D59372 /* ImageDownloadService.swift in Sources */,
				CB8FD38229B4B60700FC6A26 /* MoviesViewModel.swift in Sources */,
				CBBAAAAA29B2364000D2BB43 /* RequestManager.swift in Sources */,
				CBBAAAA829B235F200D2BB43 /* Movies+Model.swift in Sources */,
				CB3FB4BF29B21CB40014A108 /* ApiConstants.swift in Sources */,
				CB41758B29B871E50060B8A1 /* DetailMovieController.swift in Sources */,
				CB37C87F29B0A86A003F1281 /* AppDelegate.swift in Sources */,
				CB8FD38429B4BA5900FC6A26 /* MovieUseCases.swift in Sources */,
				CB37C88129B0A86A003F1281 /* SceneDelegate.swift in Sources */,
			);
			runOnlyForDeploymentPostprocessing = 0;
		};
		CB37C88D29B0A86D003F1281 /* Sources */ = {
			isa = PBXSourcesBuildPhase;
			buildActionMask = 2147483647;
			files = (
				CB5E109B2A8CDA48007CC1EC /* MoviesAndMovieTests.swift in Sources */,
				CB97B8802A9611240080A5E9 /* NetworkServiceTests.swift in Sources */,
				CB0F6BEA29E5466E0070DCFA /* NetworkRequestsTest.swift in Sources */,
				CB97B8822A961B110080A5E9 /* MovieViewModelTests.swift in Sources */,
				CBBD34942A8DF8F4009A0FFD /* MovieUseCase+Tests.swift in Sources */,
				CBA3AC5229BA9AFF0090CCBA /* NetworkErrorTest.swift in Sources */,
				CB49327129C78AC500B0D664 /* SearchViewController.swift in Sources */,
				CB37C89629B0A86D003F1281 /*  APIConstantsTests.swift in Sources */,
			);
			runOnlyForDeploymentPostprocessing = 0;
		};
		CB37C89729B0A86D003F1281 /* Sources */ = {
			isa = PBXSourcesBuildPhase;
			buildActionMask = 2147483647;
			files = (
				CB37C8A229B0A86D003F1281 /* MVVMSampleUITestsLaunchTests.swift in Sources */,
				CB37C8A029B0A86D003F1281 /* MVVMSampleUITests.swift in Sources */,
			);
			runOnlyForDeploymentPostprocessing = 0;
		};
/* End PBXSourcesBuildPhase section */

/* Begin PBXTargetDependency section */
		CB37C89329B0A86D003F1281 /* PBXTargetDependency */ = {
			isa = PBXTargetDependency;
			target = CB37C87A29B0A86A003F1281 /* MVVMSample */;
			targetProxy = CB37C89229B0A86D003F1281 /* PBXContainerItemProxy */;
		};
		CB37C89D29B0A86D003F1281 /* PBXTargetDependency */ = {
			isa = PBXTargetDependency;
			target = CB37C87A29B0A86A003F1281 /* MVVMSample */;
			targetProxy = CB37C89C29B0A86D003F1281 /* PBXContainerItemProxy */;
		};
/* End PBXTargetDependency section */

/* Begin PBXVariantGroup section */
		CB37C88429B0A86A003F1281 /* Main.storyboard */ = {
			isa = PBXVariantGroup;
			children = (
				CB37C88529B0A86A003F1281 /* Base */,
			);
			name = Main.storyboard;
			sourceTree = "<group>";
		};
		CB37C88929B0A86C003F1281 /* LaunchScreen.storyboard */ = {
			isa = PBXVariantGroup;
			children = (
				CB37C88A29B0A86C003F1281 /* Base */,
			);
			name = LaunchScreen.storyboard;
			sourceTree = "<group>";
		};
/* End PBXVariantGroup section */

/* Begin XCBuildConfiguration section */
		CB37C8A329B0A86D003F1281 /* Debug */ = {
			isa = XCBuildConfiguration;
			buildSettings = {
				ALWAYS_SEARCH_USER_PATHS = NO;
				CLANG_ANALYZER_NONNULL = YES;
				CLANG_ANALYZER_NUMBER_OBJECT_CONVERSION = YES_AGGRESSIVE;
				CLANG_CXX_LANGUAGE_STANDARD = "gnu++17";
				CLANG_ENABLE_MODULES = YES;
				CLANG_ENABLE_OBJC_ARC = YES;
				CLANG_ENABLE_OBJC_WEAK = YES;
				CLANG_WARN_BLOCK_CAPTURE_AUTORELEASING = YES;
				CLANG_WARN_BOOL_CONVERSION = YES;
				CLANG_WARN_COMMA = YES;
				CLANG_WARN_CONSTANT_CONVERSION = YES;
				CLANG_WARN_DEPRECATED_OBJC_IMPLEMENTATIONS = YES;
				CLANG_WARN_DIRECT_OBJC_ISA_USAGE = YES_ERROR;
				CLANG_WARN_DOCUMENTATION_COMMENTS = YES;
				CLANG_WARN_EMPTY_BODY = YES;
				CLANG_WARN_ENUM_CONVERSION = YES;
				CLANG_WARN_INFINITE_RECURSION = YES;
				CLANG_WARN_INT_CONVERSION = YES;
				CLANG_WARN_NON_LITERAL_NULL_CONVERSION = YES;
				CLANG_WARN_OBJC_IMPLICIT_RETAIN_SELF = YES;
				CLANG_WARN_OBJC_LITERAL_CONVERSION = YES;
				CLANG_WARN_OBJC_ROOT_CLASS = YES_ERROR;
				CLANG_WARN_QUOTED_INCLUDE_IN_FRAMEWORK_HEADER = YES;
				CLANG_WARN_RANGE_LOOP_ANALYSIS = YES;
				CLANG_WARN_STRICT_PROTOTYPES = YES;
				CLANG_WARN_SUSPICIOUS_MOVE = YES;
				CLANG_WARN_UNGUARDED_AVAILABILITY = YES_AGGRESSIVE;
				CLANG_WARN_UNREACHABLE_CODE = YES;
				CLANG_WARN__DUPLICATE_METHOD_MATCH = YES;
				COPY_PHASE_STRIP = NO;
				DEBUG_INFORMATION_FORMAT = dwarf;
				ENABLE_STRICT_OBJC_MSGSEND = YES;
				ENABLE_TESTABILITY = YES;
				GCC_C_LANGUAGE_STANDARD = gnu11;
				GCC_DYNAMIC_NO_PIC = NO;
				GCC_NO_COMMON_BLOCKS = YES;
				GCC_OPTIMIZATION_LEVEL = 0;
				GCC_PREPROCESSOR_DEFINITIONS = (
					"DEBUG=1",
					"$(inherited)",
				);
				GCC_WARN_64_TO_32_BIT_CONVERSION = YES;
				GCC_WARN_ABOUT_RETURN_TYPE = YES_ERROR;
				GCC_WARN_UNDECLARED_SELECTOR = YES;
				GCC_WARN_UNINITIALIZED_AUTOS = YES_AGGRESSIVE;
				GCC_WARN_UNUSED_FUNCTION = YES;
				GCC_WARN_UNUSED_VARIABLE = YES;
				IPHONEOS_DEPLOYMENT_TARGET = 15.5;
				MTL_ENABLE_DEBUG_INFO = INCLUDE_SOURCE;
				MTL_FAST_MATH = YES;
				ONLY_ACTIVE_ARCH = YES;
				SDKROOT = iphoneos;
				SWIFT_ACTIVE_COMPILATION_CONDITIONS = DEBUG;
				SWIFT_OPTIMIZATION_LEVEL = "-Onone";
			};
			name = Debug;
		};
		CB37C8A429B0A86D003F1281 /* Release */ = {
			isa = XCBuildConfiguration;
			buildSettings = {
				ALWAYS_SEARCH_USER_PATHS = NO;
				CLANG_ANALYZER_NONNULL = YES;
				CLANG_ANALYZER_NUMBER_OBJECT_CONVERSION = YES_AGGRESSIVE;
				CLANG_CXX_LANGUAGE_STANDARD = "gnu++17";
				CLANG_ENABLE_MODULES = YES;
				CLANG_ENABLE_OBJC_ARC = YES;
				CLANG_ENABLE_OBJC_WEAK = YES;
				CLANG_WARN_BLOCK_CAPTURE_AUTORELEASING = YES;
				CLANG_WARN_BOOL_CONVERSION = YES;
				CLANG_WARN_COMMA = YES;
				CLANG_WARN_CONSTANT_CONVERSION = YES;
				CLANG_WARN_DEPRECATED_OBJC_IMPLEMENTATIONS = YES;
				CLANG_WARN_DIRECT_OBJC_ISA_USAGE = YES_ERROR;
				CLANG_WARN_DOCUMENTATION_COMMENTS = YES;
				CLANG_WARN_EMPTY_BODY = YES;
				CLANG_WARN_ENUM_CONVERSION = YES;
				CLANG_WARN_INFINITE_RECURSION = YES;
				CLANG_WARN_INT_CONVERSION = YES;
				CLANG_WARN_NON_LITERAL_NULL_CONVERSION = YES;
				CLANG_WARN_OBJC_IMPLICIT_RETAIN_SELF = YES;
				CLANG_WARN_OBJC_LITERAL_CONVERSION = YES;
				CLANG_WARN_OBJC_ROOT_CLASS = YES_ERROR;
				CLANG_WARN_QUOTED_INCLUDE_IN_FRAMEWORK_HEADER = YES;
				CLANG_WARN_RANGE_LOOP_ANALYSIS = YES;
				CLANG_WARN_STRICT_PROTOTYPES = YES;
				CLANG_WARN_SUSPICIOUS_MOVE = YES;
				CLANG_WARN_UNGUARDED_AVAILABILITY = YES_AGGRESSIVE;
				CLANG_WARN_UNREACHABLE_CODE = YES;
				CLANG_WARN__DUPLICATE_METHOD_MATCH = YES;
				COPY_PHASE_STRIP = NO;
				DEBUG_INFORMATION_FORMAT = "dwarf-with-dsym";
				ENABLE_NS_ASSERTIONS = NO;
				ENABLE_STRICT_OBJC_MSGSEND = YES;
				GCC_C_LANGUAGE_STANDARD = gnu11;
				GCC_NO_COMMON_BLOCKS = YES;
				GCC_WARN_64_TO_32_BIT_CONVERSION = YES;
				GCC_WARN_ABOUT_RETURN_TYPE = YES_ERROR;
				GCC_WARN_UNDECLARED_SELECTOR = YES;
				GCC_WARN_UNINITIALIZED_AUTOS = YES_AGGRESSIVE;
				GCC_WARN_UNUSED_FUNCTION = YES;
				GCC_WARN_UNUSED_VARIABLE = YES;
				IPHONEOS_DEPLOYMENT_TARGET = 15.5;
				MTL_ENABLE_DEBUG_INFO = NO;
				MTL_FAST_MATH = YES;
				SDKROOT = iphoneos;
				SWIFT_COMPILATION_MODE = wholemodule;
				SWIFT_OPTIMIZATION_LEVEL = "-O";
				VALIDATE_PRODUCT = YES;
			};
			name = Release;
		};
		CB37C8A629B0A86D003F1281 /* Debug */ = {
			isa = XCBuildConfiguration;
			buildSettings = {
				ASSETCATALOG_COMPILER_APPICON_NAME = AppIcon;
				ASSETCATALOG_COMPILER_GLOBAL_ACCENT_COLOR_NAME = AccentColor;
				CODE_SIGN_STYLE = Automatic;
				CURRENT_PROJECT_VERSION = 1;
				GENERATE_INFOPLIST_FILE = YES;
				INFOPLIST_FILE = MVVMSample/Info.plist;
				INFOPLIST_KEY_UIApplicationSupportsIndirectInputEvents = YES;
				INFOPLIST_KEY_UILaunchStoryboardName = LaunchScreen;
				INFOPLIST_KEY_UIMainStoryboardFile = Main;
				INFOPLIST_KEY_UISupportedInterfaceOrientations_iPad = "UIInterfaceOrientationPortrait UIInterfaceOrientationPortraitUpsideDown UIInterfaceOrientationLandscapeLeft UIInterfaceOrientationLandscapeRight";
				INFOPLIST_KEY_UISupportedInterfaceOrientations_iPhone = "UIInterfaceOrientationPortrait UIInterfaceOrientationLandscapeLeft UIInterfaceOrientationLandscapeRight";
				LD_RUNPATH_SEARCH_PATHS = (
					"$(inherited)",
					"@executable_path/Frameworks",
				);
				MARKETING_VERSION = 1.0;
				PRODUCT_BUNDLE_IDENTIFIER = com.MVVMSample;
				PRODUCT_NAME = "$(TARGET_NAME)";
				SWIFT_EMIT_LOC_STRINGS = YES;
				SWIFT_VERSION = 5.0;
				TARGETED_DEVICE_FAMILY = "1,2";
			};
			name = Debug;
		};
		CB37C8A729B0A86D003F1281 /* Release */ = {
			isa = XCBuildConfiguration;
			buildSettings = {
				ASSETCATALOG_COMPILER_APPICON_NAME = AppIcon;
				ASSETCATALOG_COMPILER_GLOBAL_ACCENT_COLOR_NAME = AccentColor;
				CODE_SIGN_STYLE = Automatic;
				CURRENT_PROJECT_VERSION = 1;
				GENERATE_INFOPLIST_FILE = YES;
				INFOPLIST_FILE = MVVMSample/Info.plist;
				INFOPLIST_KEY_UIApplicationSupportsIndirectInputEvents = YES;
				INFOPLIST_KEY_UILaunchStoryboardName = LaunchScreen;
				INFOPLIST_KEY_UIMainStoryboardFile = Main;
				INFOPLIST_KEY_UISupportedInterfaceOrientations_iPad = "UIInterfaceOrientationPortrait UIInterfaceOrientationPortraitUpsideDown UIInterfaceOrientationLandscapeLeft UIInterfaceOrientationLandscapeRight";
				INFOPLIST_KEY_UISupportedInterfaceOrientations_iPhone = "UIInterfaceOrientationPortrait UIInterfaceOrientationLandscapeLeft UIInterfaceOrientationLandscapeRight";
				LD_RUNPATH_SEARCH_PATHS = (
					"$(inherited)",
					"@executable_path/Frameworks",
				);
				MARKETING_VERSION = 1.0;
				PRODUCT_BUNDLE_IDENTIFIER = com.MVVMSample;
				PRODUCT_NAME = "$(TARGET_NAME)";
				SWIFT_EMIT_LOC_STRINGS = YES;
				SWIFT_VERSION = 5.0;
				TARGETED_DEVICE_FAMILY = "1,2";
			};
			name = Release;
		};
		CB37C8A929B0A86D003F1281 /* Debug */ = {
			isa = XCBuildConfiguration;
			buildSettings = {
				ALWAYS_EMBED_SWIFT_STANDARD_LIBRARIES = YES;
				BUNDLE_LOADER = "$(TEST_HOST)";
				CODE_SIGN_STYLE = Automatic;
				CURRENT_PROJECT_VERSION = 1;
				GENERATE_INFOPLIST_FILE = YES;
				IPHONEOS_DEPLOYMENT_TARGET = 15.5;
				MARKETING_VERSION = 1.0;
				PRODUCT_BUNDLE_IDENTIFIER = com.MVVMSampleTests;
				PRODUCT_NAME = "$(TARGET_NAME)";
				SWIFT_EMIT_LOC_STRINGS = NO;
				SWIFT_VERSION = 5.0;
				TARGETED_DEVICE_FAMILY = "1,2";
				TEST_HOST = "$(BUILT_PRODUCTS_DIR)/MVVMSample.app/MVVMSample";
			};
			name = Debug;
		};
		CB37C8AA29B0A86D003F1281 /* Release */ = {
			isa = XCBuildConfiguration;
			buildSettings = {
				ALWAYS_EMBED_SWIFT_STANDARD_LIBRARIES = YES;
				BUNDLE_LOADER = "$(TEST_HOST)";
				CODE_SIGN_STYLE = Automatic;
				CURRENT_PROJECT_VERSION = 1;
				GENERATE_INFOPLIST_FILE = YES;
				IPHONEOS_DEPLOYMENT_TARGET = 15.5;
				MARKETING_VERSION = 1.0;
				PRODUCT_BUNDLE_IDENTIFIER = com.MVVMSampleTests;
				PRODUCT_NAME = "$(TARGET_NAME)";
				SWIFT_EMIT_LOC_STRINGS = NO;
				SWIFT_VERSION = 5.0;
				TARGETED_DEVICE_FAMILY = "1,2";
				TEST_HOST = "$(BUILT_PRODUCTS_DIR)/MVVMSample.app/MVVMSample";
			};
			name = Release;
		};
		CB37C8AC29B0A86D003F1281 /* Debug */ = {
			isa = XCBuildConfiguration;
			buildSettings = {
				ALWAYS_EMBED_SWIFT_STANDARD_LIBRARIES = YES;
				CODE_SIGN_STYLE = Automatic;
				CURRENT_PROJECT_VERSION = 1;
				GENERATE_INFOPLIST_FILE = YES;
				MARKETING_VERSION = 1.0;
				PRODUCT_BUNDLE_IDENTIFIER = com.MVVMSampleUITests;
				PRODUCT_NAME = "$(TARGET_NAME)";
				SWIFT_EMIT_LOC_STRINGS = NO;
				SWIFT_VERSION = 5.0;
				TARGETED_DEVICE_FAMILY = "1,2";
				TEST_TARGET_NAME = MVVMSample;
			};
			name = Debug;
		};
		CB37C8AD29B0A86D003F1281 /* Release */ = {
			isa = XCBuildConfiguration;
			buildSettings = {
				ALWAYS_EMBED_SWIFT_STANDARD_LIBRARIES = YES;
				CODE_SIGN_STYLE = Automatic;
				CURRENT_PROJECT_VERSION = 1;
				GENERATE_INFOPLIST_FILE = YES;
				MARKETING_VERSION = 1.0;
				PRODUCT_BUNDLE_IDENTIFIER = com.MVVMSampleUITests;
				PRODUCT_NAME = "$(TARGET_NAME)";
				SWIFT_EMIT_LOC_STRINGS = NO;
				SWIFT_VERSION = 5.0;
				TARGETED_DEVICE_FAMILY = "1,2";
				TEST_TARGET_NAME = MVVMSample;
			};
			name = Release;
		};
/* End XCBuildConfiguration section */

/* Begin XCConfigurationList section */
		CB37C87629B0A86A003F1281 /* Build configuration list for PBXProject "MVVMSample" */ = {
			isa = XCConfigurationList;
			buildConfigurations = (
				CB37C8A329B0A86D003F1281 /* Debug */,
				CB37C8A429B0A86D003F1281 /* Release */,
			);
			defaultConfigurationIsVisible = 0;
			defaultConfigurationName = Release;
		};
		CB37C8A529B0A86D003F1281 /* Build configuration list for PBXNativeTarget "MVVMSample" */ = {
			isa = XCConfigurationList;
			buildConfigurations = (
				CB37C8A629B0A86D003F1281 /* Debug */,
				CB37C8A729B0A86D003F1281 /* Release */,
			);
			defaultConfigurationIsVisible = 0;
			defaultConfigurationName = Release;
		};
		CB37C8A829B0A86D003F1281 /* Build configuration list for PBXNativeTarget "MVVMSampleTests" */ = {
			isa = XCConfigurationList;
			buildConfigurations = (
				CB37C8A929B0A86D003F1281 /* Debug */,
				CB37C8AA29B0A86D003F1281 /* Release */,
			);
			defaultConfigurationIsVisible = 0;
			defaultConfigurationName = Release;
		};
		CB37C8AB29B0A86D003F1281 /* Build configuration list for PBXNativeTarget "MVVMSampleUITests" */ = {
			isa = XCConfigurationList;
			buildConfigurations = (
				CB37C8AC29B0A86D003F1281 /* Debug */,
				CB37C8AD29B0A86D003F1281 /* Release */,
			);
			defaultConfigurationIsVisible = 0;
			defaultConfigurationName = Release;
		};
/* End XCConfigurationList section */
	};
	rootObject = CB37C87329B0A86A003F1281 /* Project object */;
}
